
Microsoft Visual Studio Solution File, Format Version 12.00
# Visual Studio Version 17
VisualStudioVersion = 17.10.35013.160
MinimumVisualStudioVersion = 10.0.40219.1
Project("{FAE04EC0-301F-11D3-BF4B-00C04F79EFBC}") = "Lesson28", "Lesson28\Lesson28.csproj", "{DE036FB4-3D18-46E0-8161-2D0FDF6A1AAA}"
EndProject
Project("{FAE04EC0-301F-11D3-BF4B-00C04F79EFBC}") = "Lab07_1", "Lab07_1\Lab07_1.csproj", "{1124A57C-B409-405D-9A4E-E19FFB4C9F4E}"
EndProject
Project("{FAE04EC0-301F-11D3-BF4B-00C04F79EFBC}") = "Lab07_2", "Lab07_2\Lab07_2.csproj", "{801342DB-D266-4670-9D27-AAEB935535C6}"
EndProject
Project("{FAE04EC0-301F-11D3-BF4B-00C04F79EFBC}") = "Lab07_3", "Lab07_3\Lab07_3.csproj", "{3DE2BB39-5611-411F-A0EA-0FB6A91E4104}"
EndProject
Project("{FAE04EC0-301F-11D3-BF4B-00C04F79EFBC}") = "Lab07_4", "Lab07_4\Lab07_4.csproj", "{EE933A28-595D-409B-ABBB-570765F4A692}"
EndProject
Project("{FAE04EC0-301F-11D3-BF4B-00C04F79EFBC}") = "Bai07_1", "Bai07_1\Bai07_1.csproj", "{0F0D6CEA-DE5B-48B0-97D3-88E2226418DF}"
EndProject
Project("{FAE04EC0-301F-11D3-BF4B-00C04F79EFBC}") = "Bai07_2", "Bai07_2\Bai07_2.csproj", "{020F40B8-E96B-43E1-A63F-F249AEBEBA13}"
EndProject
Project("{FAE04EC0-301F-11D3-BF4B-00C04F79EFBC}") = "Bai07_3", "Bai07_3\Bai07_3.csproj", "{FD0898C4-6E22-4DA2-87DD-305A40FADA2E}"
EndProject
Project("{FAE04EC0-301F-11D3-BF4B-00C04F79EFBC}") = "Bai07_4", "Bai07_4\Bai07_4.csproj", "{E31A528C-8ABA-4F15-A761-E4C744EA84DD}"
EndProject
Global
	GlobalSection(SolutionConfigurationPlatforms) = preSolution
		Debug|Any CPU = Debug|Any CPU
		Release|Any CPU = Release|Any CPU
	EndGlobalSection
	GlobalSection(ProjectConfigurationPlatforms) = postSolution
		{DE036FB4-3D18-46E0-8161-2D0FDF6A1AAA}.Debug|Any CPU.ActiveCfg = Debug|Any CPU
		{DE036FB4-3D18-46E0-8161-2D0FDF6A1AAA}.Debug|Any CPU.Build.0 = Debug|Any CPU
		{DE036FB4-3D18-46E0-8161-2D0FDF6A1AAA}.Release|Any CPU.ActiveCfg = Release|Any CPU
		{DE036FB4-3D18-46E0-8161-2D0FDF6A1AAA}.Release|Any CPU.Build.0 = Release|Any CPU
		{1124A57C-B409-405D-9A4E-E19FFB4C9F4E}.Debug|Any CPU.ActiveCfg = Debug|Any CPU
		{1124A57C-B409-405D-9A4E-E19FFB4C9F4E}.Debug|Any CPU.Build.0 = Debug|Any CPU
		{1124A57C-B409-405D-9A4E-E19FFB4C9F4E}.Release|Any CPU.ActiveCfg = Release|Any CPU
		{1124A57C-B409-405D-9A4E-E19FFB4C9F4E}.Release|Any CPU.Build.0 = Release|Any CPU
		{801342DB-D266-4670-9D27-AAEB935535C6}.Debug|Any CPU.ActiveCfg = Debug|Any CPU
		{801342DB-D266-4670-9D27-AAEB935535C6}.Debug|Any CPU.Build.0 = Debug|Any CPU
		{801342DB-D266-4670-9D27-AAEB935535C6}.Release|Any CPU.ActiveCfg = Release|Any CPU
		{801342DB-D266-4670-9D27-AAEB935535C6}.Release|Any CPU.Build.0 = Release|Any CPU
		{3DE2BB39-5611-411F-A0EA-0FB6A91E4104}.Debug|Any CPU.ActiveCfg = Debug|Any CPU
		{3DE2BB39-5611-411F-A0EA-0FB6A91E4104}.Debug|Any CPU.Build.0 = Debug|Any CPU
		{3DE2BB39-5611-411F-A0EA-0FB6A91E4104}.Release|Any CPU.ActiveCfg = Release|Any CPU
		{3DE2BB39-5611-411F-A0EA-0FB6A91E4104}.Release|Any CPU.Build.0 = Release|Any CPU
		{EE933A28-595D-409B-ABBB-570765F4A692}.Debug|Any CPU.ActiveCfg = Debug|Any CPU
		{EE933A28-595D-409B-ABBB-570765F4A692}.Debug|Any CPU.Build.0 = Debug|Any CPU
		{EE933A28-595D-409B-ABBB-570765F4A692}.Release|Any CPU.ActiveCfg = Release|Any CPU
		{EE933A28-595D-409B-ABBB-570765F4A692}.Release|Any CPU.Build.0 = Release|Any CPU
		{0F0D6CEA-DE5B-48B0-97D3-88E2226418DF}.Debug|Any CPU.ActiveCfg = Debug|Any CPU
		{0F0D6CEA-DE5B-48B0-97D3-88E2226418DF}.Debug|Any CPU.Build.0 = Debug|Any CPU
		{0F0D6CEA-DE5B-48B0-97D3-88E2226418DF}.Release|Any CPU.ActiveCfg = Release|Any CPU
		{0F0D6CEA-DE5B-48B0-97D3-88E2226418DF}.Release|Any CPU.Build.0 = Release|Any CPU
		{020F40B8-E96B-43E1-A63F-F249AEBEBA13}.Debug|Any CPU.ActiveCfg = Debug|Any CPU
		{020F40B8-E96B-43E1-A63F-F249AEBEBA13}.Debug|Any CPU.Build.0 = Debug|Any CPU
		{020F40B8-E96B-43E1-A63F-F249AEBEBA13}.Release|Any CPU.ActiveCfg = Release|Any CPU
		{020F40B8-E96B-43E1-A63F-F249AEBEBA13}.Release|Any CPU.Build.0 = Release|Any CPU
		{FD0898C4-6E22-4DA2-87DD-305A40FADA2E}.Debug|Any CPU.ActiveCfg = Debug|Any CPU
		{FD0898C4-6E22-4DA2-87DD-305A40FADA2E}.Debug|Any CPU.Build.0 = Debug|Any CPU
		{FD0898C4-6E22-4DA2-87DD-305A40FADA2E}.Release|Any CPU.ActiveCfg = Release|Any CPU
		{FD0898C4-6E22-4DA2-87DD-305A40FADA2E}.Release|Any CPU.Build.0 = Release|Any CPU
		{E31A528C-8ABA-4F15-A761-E4C744EA84DD}.Debug|Any CPU.ActiveCfg = Debug|Any CPU
		{E31A528C-8ABA-4F15-A761-E4C744EA84DD}.Debug|Any CPU.Build.0 = Debug|Any CPU
		{E31A528C-8ABA-4F15-A761-E4C744EA84DD}.Release|Any CPU.ActiveCfg = Release|Any CPU
		{E31A528C-8ABA-4F15-A761-E4C744EA84DD}.Release|Any CPU.Build.0 = Release|Any CPU
	EndGlobalSection
	GlobalSection(SolutionProperties) = preSolution
		HideSolutionNode = FALSE
	EndGlobalSection
	GlobalSection(ExtensibilityGlobals) = postSolution
		SolutionGuid = {EA5ACAC9-3652-4C0B-9516-05B0C0106FE0}
	EndGlobalSection
EndGlobal
