
Microsoft Visual Studio Solution File, Format Version 12.00
# Visual Studio Version 17
VisualStudioVersion = 17.10.35013.160
MinimumVisualStudioVersion = 10.0.40219.1
Project("{9A19103F-16F7-4668-BE54-9A1E7A4F7556}") = "Lab5_1", "Lesson26\Lab5_1.csproj", "{30B93F89-BBB5-40F6-AD2D-EB35095D2559}"
EndProject
Project("{9A19103F-16F7-4668-BE54-9A1E7A4F7556}") = "Lab5_2", "Lab5_2\Lab5_2.csproj", "{A0F891F7-0A3F-433B-A618-AD50E045D526}"
EndProject
Project("{9A19103F-16F7-4668-BE54-9A1E7A4F7556}") = "Ex1", "Ex1\Ex1.csproj", "{40D79D1B-031E-42BE-A5AF-7D1D7D5178F0}"
EndProject
Project("{FAE04EC0-301F-11D3-BF4B-00C04F79EFBC}") = "Lab26.1", "Lab26.1\Lab26.1.csproj", "{F184688B-6C10-4DE8-884F-429CCD29419A}"
EndProject
Global
	GlobalSection(SolutionConfigurationPlatforms) = preSolution
		Debug|Any CPU = Debug|Any CPU
		Release|Any CPU = Release|Any CPU
	EndGlobalSection
	GlobalSection(ProjectConfigurationPlatforms) = postSolution
		{30B93F89-BBB5-40F6-AD2D-EB35095D2559}.Debug|Any CPU.ActiveCfg = Debug|Any CPU
		{30B93F89-BBB5-40F6-AD2D-EB35095D2559}.Debug|Any CPU.Build.0 = Debug|Any CPU
		{30B93F89-BBB5-40F6-AD2D-EB35095D2559}.Release|Any CPU.ActiveCfg = Release|Any CPU
		{30B93F89-BBB5-40F6-AD2D-EB35095D2559}.Release|Any CPU.Build.0 = Release|Any CPU
		{A0F891F7-0A3F-433B-A618-AD50E045D526}.Debug|Any CPU.ActiveCfg = Debug|Any CPU
		{A0F891F7-0A3F-433B-A618-AD50E045D526}.Debug|Any CPU.Build.0 = Debug|Any CPU
		{A0F891F7-0A3F-433B-A618-AD50E045D526}.Release|Any CPU.ActiveCfg = Release|Any CPU
		{A0F891F7-0A3F-433B-A618-AD50E045D526}.Release|Any CPU.Build.0 = Release|Any CPU
		{40D79D1B-031E-42BE-A5AF-7D1D7D5178F0}.Debug|Any CPU.ActiveCfg = Debug|Any CPU
		{40D79D1B-031E-42BE-A5AF-7D1D7D5178F0}.Debug|Any CPU.Build.0 = Debug|Any CPU
		{40D79D1B-031E-42BE-A5AF-7D1D7D5178F0}.Release|Any CPU.ActiveCfg = Release|Any CPU
		{40D79D1B-031E-42BE-A5AF-7D1D7D5178F0}.Release|Any CPU.Build.0 = Release|Any CPU
		{F184688B-6C10-4DE8-884F-429CCD29419A}.Debug|Any CPU.ActiveCfg = Debug|Any CPU
		{F184688B-6C10-4DE8-884F-429CCD29419A}.Debug|Any CPU.Build.0 = Debug|Any CPU
		{F184688B-6C10-4DE8-884F-429CCD29419A}.Release|Any CPU.ActiveCfg = Release|Any CPU
		{F184688B-6C10-4DE8-884F-429CCD29419A}.Release|Any CPU.Build.0 = Release|Any CPU
	EndGlobalSection
	GlobalSection(SolutionProperties) = preSolution
		HideSolutionNode = FALSE
	EndGlobalSection
	GlobalSection(ExtensibilityGlobals) = postSolution
		SolutionGuid = {30A4C117-B8C8-4094-817F-4D6C568E4DC4}
	EndGlobalSection
EndGlobal
